{
   "name": "elyes",
   "version": "1.0.0",
   "lockfileVersion": 2,
   "requires": true,
   "packages": {
      "": {
         "name": "elyes",
         "version": "1.0.0",
         "license": "ISC",
         "dependencies": {
            "poc-test-wasm": "^0.1.0"
         }
      },
      "node_modules/poc-test-wasm": {
         "version": "0.1.0",
         "resolved": "https://registry.npmjs.org/poc-test-wasm/-/poc-test-wasm-0.1.0.tgz",
         "integrity": "sha512-MA91OEqX7EJ9d+YGLv+W9YqVHo9tlhX7t3X6pbaMWWdH0VtD12JGplZAP8K1gSBCvuiWk2AkdKnwDK4HZ2Z7PA=="
      }
   },
   "dependencies": {
      "poc-test-wasm": {
         "version": "0.1.0",
         "resolved": "https://registry.npmjs.org/poc-test-wasm/-/poc-test-wasm-0.1.0.tgz",
         "integrity": "sha512-MA91OEqX7EJ9d+YGLv+W9YqVHo9tlhX7t3X6pbaMWWdH0VtD12JGplZAP8K1gSBCvuiWk2AkdKnwDK4HZ2Z7PA=="
      }
   }
}
